// !$*UTF8*$!
{
	archiveVersion = 1;
	classes = {
	};
	objectVersion = 77;
	objects = {

/* Begin PBXContainerItemProxy section */
		D0F1F6D72C6E84FA00FA9495 /* PBXContainerItemProxy */ = {
			isa = PBXContainerItemProxy;
			containerPortal = D0F1F6B82C6E84F800FA9495 /* Project object */;
			proxyType = 1;
			remoteGlobalIDString = D0F1F6BF2C6E84F800FA9495;
			remoteInfo = MobileUpVK;
		};
		D0F1F6E12C6E84FA00FA9495 /* PBXContainerItemProxy */ = {
			isa = PBXContainerItemProxy;
			containerPortal = D0F1F6B82C6E84F800FA9495 /* Project object */;
			proxyType = 1;
			remoteGlobalIDString = D0F1F6BF2C6E84F800FA9495;
			remoteInfo = MobileUpVK;
		};
/* End PBXContainerItemProxy section */

/* Begin PBXFileReference section */
		D0F1F6C02C6E84F800FA9495 /* MobileUpVK.app */ = {isa = PBXFileReference; explicitFileType = wrapper.application; includeInIndex = 0; path = MobileUpVK.app; sourceTree = BUILT_PRODUCTS_DIR; };
		D0F1F6D62C6E84FA00FA9495 /* MobileUpVKTests.xctest */ = {isa = PBXFileReference; explicitFileType = wrapper.cfbundle; includeInIndex = 0; path = MobileUpVKTests.xctest; sourceTree = BUILT_PRODUCTS_DIR; };
		D0F1F6E02C6E84FA00FA9495 /* MobileUpVKUITests.xctest */ = {isa = PBXFileReference; explicitFileType = wrapper.cfbundle; includeInIndex = 0; path = MobileUpVKUITests.xctest; sourceTree = BUILT_PRODUCTS_DIR; };
/* End PBXFileReference section */

/* Begin PBXFileSystemSynchronizedBuildFileExceptionSet section */
		D0F1F6E82C6E84FA00FA9495 /* Exceptions for "MobileUpVK" folder in "MobileUpVK" target */ = {
			isa = PBXFileSystemSynchronizedBuildFileExceptionSet;
			membershipExceptions = (
				"/Localized: LaunchScreen.storyboard",
				"/Localized: Main.storyboard",
				Info.plist,
			);
			target = D0F1F6BF2C6E84F800FA9495 /* MobileUpVK */;
		};
/* End PBXFileSystemSynchronizedBuildFileExceptionSet section */

/* Begin PBXFileSystemSynchronizedGroupBuildPhaseMembershipExceptionSet section */
		D0F1F6EC2C6E84FA00FA9495 /* Exceptions for "MobileUpVK" folder in "Copy Bundle Resources" phase from "MobileUpVK" target */ = {
			isa = PBXFileSystemSynchronizedGroupBuildPhaseMembershipExceptionSet;
			buildPhase = D0F1F6BE2C6E84F800FA9495 /* Resources */;
			membershipExceptions = (
				Base.lproj/LaunchScreen.storyboard,
				Base.lproj/Main.storyboard,
			);
		};
/* End PBXFileSystemSynchronizedGroupBuildPhaseMembershipExceptionSet section */

/* Begin PBXFileSystemSynchronizedRootGroup section */
		D0F1F6C22C6E84F800FA9495 /* MobileUpVK */ = {
			isa = PBXFileSystemSynchronizedRootGroup;
			exceptions = (
				D0F1F6E82C6E84FA00FA9495 /* Exceptions for "MobileUpVK" folder in "MobileUpVK" target */,
				D0F1F6EC2C6E84FA00FA9495 /* Exceptions for "MobileUpVK" folder in "Copy Bundle Resources" phase from "MobileUpVK" target */,
			);
			path = MobileUpVK;
			sourceTree = "<group>";
		};
		D0F1F6D92C6E84FA00FA9495 /* MobileUpVKTests */ = {
			isa = PBXFileSystemSynchronizedRootGroup;
			path = MobileUpVKTests;
			sourceTree = "<group>";
		};
		D0F1F6E32C6E84FA00FA9495 /* MobileUpVKUITests */ = {
			isa = PBXFileSystemSynchronizedRootGroup;
			path = MobileUpVKUITests;
			sourceTree = "<group>";
		};
/* End PBXFileSystemSynchronizedRootGroup section */

/* Begin PBXFrameworksBuildPhase section */
		D0F1F6BD2C6E84F800FA9495 /* Frameworks */ = {
			isa = PBXFrameworksBuildPhase;
			buildActionMask = 2147483647;
			files = (
			);
			runOnlyForDeploymentPostprocessing = 0;
		};
		D0F1F6D32C6E84FA00FA9495 /* Frameworks */ = {
			isa = PBXFrameworksBuildPhase;
			buildActionMask = 2147483647;
			files = (
			);
			runOnlyForDeploymentPostprocessing = 0;
		};
		D0F1F6DD2C6E84FA00FA9495 /* Frameworks */ = {
			isa = PBXFrameworksBuildPhase;
			buildActionMask = 2147483647;
			files = (
			);
			runOnlyForDeploymentPostprocessing = 0;
		};
/* End PBXFrameworksBuildPhase section */

/* Begin PBXGroup section */
		D0F1F6B72C6E84F800FA9495 = {
			isa = PBXGroup;
			children = (
				D0F1F6C22C6E84F800FA9495 /* MobileUpVK */,
				D0F1F6D92C6E84FA00FA9495 /* MobileUpVKTests */,
				D0F1F6E32C6E84FA00FA9495 /* MobileUpVKUITests */,
				D0F1F6C12C6E84F800FA9495 /* Products */,
			);
			sourceTree = "<group>";
		};
		D0F1F6C12C6E84F800FA9495 /* Products */ = {
			isa = PBXGroup;
			children = (
				D0F1F6C02C6E84F800FA9495 /* MobileUpVK.app */,
				D0F1F6D62C6E84FA00FA9495 /* MobileUpVKTests.xctest */,
				D0F1F6E02C6E84FA00FA9495 /* MobileUpVKUITests.xctest */,
			);
			name = Products;
			sourceTree = "<group>";
		};
/* End PBXGroup section */

/* Begin PBXNativeTarget section */
		D0F1F6BF2C6E84F800FA9495 /* MobileUpVK */ = {
			isa = PBXNativeTarget;
			buildConfigurationList = D0F1F6E92C6E84FA00FA9495 /* Build configuration list for PBXNativeTarget "MobileUpVK" */;
			buildPhases = (
				D0F1F6BC2C6E84F800FA9495 /* Sources */,
				D0F1F6BD2C6E84F800FA9495 /* Frameworks */,
				D0F1F6BE2C6E84F800FA9495 /* Resources */,
			);
			buildRules = (
			);
			dependencies = (
			);
			fileSystemSynchronizedGroups = (
				D0F1F6C22C6E84F800FA9495 /* MobileUpVK */,
			);
			name = MobileUpVK;
			packageProductDependencies = (
			);
			productName = MobileUpVK;
			productReference = D0F1F6C02C6E84F800FA9495 /* MobileUpVK.app */;
			productType = "com.apple.product-type.application";
		};
		D0F1F6D52C6E84FA00FA9495 /* MobileUpVKTests */ = {
			isa = PBXNativeTarget;
			buildConfigurationList = D0F1F6EF2C6E84FA00FA9495 /* Build configuration list for PBXNativeTarget "MobileUpVKTests" */;
			buildPhases = (
				D0F1F6D22C6E84FA00FA9495 /* Sources */,
				D0F1F6D32C6E84FA00FA9495 /* Frameworks */,
				D0F1F6D42C6E84FA00FA9495 /* Resources */,
			);
			buildRules = (
			);
			dependencies = (
				D0F1F6D82C6E84FA00FA9495 /* PBXTargetDependency */,
			);
			fileSystemSynchronizedGroups = (
				D0F1F6D92C6E84FA00FA9495 /* MobileUpVKTests */,
			);
			name = MobileUpVKTests;
			packageProductDependencies = (
			);
			productName = MobileUpVKTests;
			productReference = D0F1F6D62C6E84FA00FA9495 /* MobileUpVKTests.xctest */;
			productType = "com.apple.product-type.bundle.unit-test";
		};
		D0F1F6DF2C6E84FA00FA9495 /* MobileUpVKUITests */ = {
			isa = PBXNativeTarget;
			buildConfigurationList = D0F1F6F22C6E84FA00FA9495 /* Build configuration list for PBXNativeTarget "MobileUpVKUITests" */;
			buildPhases = (
				D0F1F6DC2C6E84FA00FA9495 /* Sources */,
				D0F1F6DD2C6E84FA00FA9495 /* Frameworks */,
				D0F1F6DE2C6E84FA00FA9495 /* Resources */,
			);
			buildRules = (
			);
			dependencies = (
				D0F1F6E22C6E84FA00FA9495 /* PBXTargetDependency */,
			);
			fileSystemSynchronizedGroups = (
				D0F1F6E32C6E84FA00FA9495 /* MobileUpVKUITests */,
			);
			name = MobileUpVKUITests;
			packageProductDependencies = (
			);
			productName = MobileUpVKUITests;
			productReference = D0F1F6E02C6E84FA00FA9495 /* MobileUpVKUITests.xctest */;
			productType = "com.apple.product-type.bundle.ui-testing";
		};
/* End PBXNativeTarget section */

/* Begin PBXProject section */
		D0F1F6B82C6E84F800FA9495 /* Project object */ = {
			isa = PBXProject;
			attributes = {
				BuildIndependentTargetsInParallel = 1;
				LastSwiftUpdateCheck = 1600;
				LastUpgradeCheck = 1600;
				TargetAttributes = {
					D0F1F6BF2C6E84F800FA9495 = {
						CreatedOnToolsVersion = 16.0;
					};
					D0F1F6D52C6E84FA00FA9495 = {
						CreatedOnToolsVersion = 16.0;
						TestTargetID = D0F1F6BF2C6E84F800FA9495;
					};
					D0F1F6DF2C6E84FA00FA9495 = {
						CreatedOnToolsVersion = 16.0;
						TestTargetID = D0F1F6BF2C6E84F800FA9495;
					};
				};
			};
			buildConfigurationList = D0F1F6BB2C6E84F800FA9495 /* Build configuration list for PBXProject "MobileUpVK" */;
			developmentRegion = en;
			hasScannedForEncodings = 0;
			knownRegions = (
				en,
				Base,
			);
			mainGroup = D0F1F6B72C6E84F800FA9495;
			minimizedProjectReferenceProxies = 1;
			preferredProjectObjectVersion = 77;
			productRefGroup = D0F1F6C12C6E84F800FA9495 /* Products */;
			projectDirPath = "";
			projectRoot = "";
			targets = (
				D0F1F6BF2C6E84F800FA9495 /* MobileUpVK */,
				D0F1F6D52C6E84FA00FA9495 /* MobileUpVKTests */,
				D0F1F6DF2C6E84FA00FA9495 /* MobileUpVKUITests */,
			);
		};
/* End PBXProject section */

/* Begin PBXResourcesBuildPhase section */
		D0F1F6BE2C6E84F800FA9495 /* Resources */ = {
			isa = PBXResourcesBuildPhase;
			buildActionMask = 2147483647;
			files = (
			);
			runOnlyForDeploymentPostprocessing = 0;
		};
		D0F1F6D42C6E84FA00FA9495 /* Resources */ = {
			isa = PBXResourcesBuildPhase;
			buildActionMask = 2147483647;
			files = (
			);
			runOnlyForDeploymentPostprocessing = 0;
		};
		D0F1F6DE2C6E84FA00FA9495 /* Resources */ = {
			isa = PBXResourcesBuildPhase;
			buildActionMask = 2147483647;
			files = (
			);
			runOnlyForDeploymentPostprocessing = 0;
		};
/* End PBXResourcesBuildPhase section */

/* Begin PBXSourcesBuildPhase section */
		D0F1F6BC2C6E84F800FA9495 /* Sources */ = {
			isa = PBXSourcesBuildPhase;
			buildActionMask = 2147483647;
			files = (
			);
			runOnlyForDeploymentPostprocessing = 0;
		};
		D0F1F6D22C6E84FA00FA9495 /* Sources */ = {
			isa = PBXSourcesBuildPhase;
			buildActionMask = 2147483647;
			files = (
			);
			runOnlyForDeploymentPostprocessing = 0;
		};
		D0F1F6DC2C6E84FA00FA9495 /* Sources */ = {
			isa = PBXSourcesBuildPhase;
			buildActionMask = 2147483647;
			files = (
			);
			runOnlyForDeploymentPostprocessing = 0;
		};
/* End PBXSourcesBuildPhase section */

/* Begin PBXTargetDependency section */
		D0F1F6D82C6E84FA00FA9495 /* PBXTargetDependency */ = {
			isa = PBXTargetDependency;
			target = D0F1F6BF2C6E84F800FA9495 /* MobileUpVK */;
			targetProxy = D0F1F6D72C6E84FA00FA9495 /* PBXContainerItemProxy */;
		};
		D0F1F6E22C6E84FA00FA9495 /* PBXTargetDependency */ = {
			isa = PBXTargetDependency;
			target = D0F1F6BF2C6E84F800FA9495 /* MobileUpVK */;
			targetProxy = D0F1F6E12C6E84FA00FA9495 /* PBXContainerItemProxy */;
		};
/* End PBXTargetDependency section */

/* Begin XCBuildConfiguration section */
		D0F1F6EA2C6E84FA00FA9495 /* Debug */ = {
			isa = XCBuildConfiguration;
			buildSettings = {
				ASSETCATALOG_COMPILER_APPICON_NAME = AppIcon;
				ASSETCATALOG_COMPILER_GLOBAL_ACCENT_COLOR_NAME = AccentColor;
				CODE_SIGN_STYLE = Automatic;
				CURRENT_PROJECT_VERSION = 1;
				DEVELOPMENT_TEAM = ZT525LAF69;
				GENERATE_INFOPLIST_FILE = YES;
				INFOPLIST_FILE = MobileUpVK/Info.plist;
				INFOPLIST_KEY_UIApplicationSupportsIndirectInputEvents = YES;
				INFOPLIST_KEY_UILaunchStoryboardName = LaunchScreen;
				INFOPLIST_KEY_UIMainStoryboardFile = Main;
				INFOPLIST_KEY_UISupportedInterfaceOrientations_iPad = "UIInterfaceOrientationPortrait UIInterfaceOrientationPortraitUpsideDown UIInterfaceOrientationLandscapeLeft UIInterfaceOrientationLandscapeRight";
				INFOPLIST_KEY_UISupportedInterfaceOrientations_iPhone = "UIInterfaceOrientationPortrait UIInterfaceOrientationLandscapeLeft UIInterfaceOrientationLandscapeRight";
				LD_RUNPATH_SEARCH_PATHS = (
					"$(inherited)",
					"@executable_path/Frameworks",
				);
				MARKETING_VERSION = 1.0;
				PRODUCT_BUNDLE_IDENTIFIER = com.gmail.gromovitaly.MobileUpVK;
				PRODUCT_NAME = "$(TARGET_NAME)";
				SWIFT_EMIT_LOC_STRINGS = YES;
				SWIFT_VERSION = 5.0;
				TARGETED_DEVICE_FAMILY = "1,2";
			};
			name = Debug;
		};
		D0F1F6EB2C6E84FA00FA9495 /* Release */ = {
			isa = XCBuildConfiguration;
			buildSettings = {
				ASSETCATALOG_COMPILER_APPICON_NAME = AppIcon;
				ASSETCATALOG_COMPILER_GLOBAL_ACCENT_COLOR_NAME = AccentColor;
				CODE_SIGN_STYLE = Automatic;
				CURRENT_PROJECT_VERSION = 1;
				DEVELOPMENT_TEAM = ZT525LAF69;
				GENERATE_INFOPLIST_FILE = YES;
				INFOPLIST_FILE = MobileUpVK/Info.plist;
				INFOPLIST_KEY_UIApplicationSupportsIndirectInputEvents = YES;
				INFOPLIST_KEY_UILaunchStoryboardName = LaunchScreen;
				INFOPLIST_KEY_UIMainStoryboardFile = Main;
				INFOPLIST_KEY_UISupportedInterfaceOrientations_iPad = "UIInterfaceOrientationPortrait UIInterfaceOrientationPortraitUpsideDown UIInterfaceOrientationLandscapeLeft UIInterfaceOrientationLandscapeRight";
				INFOPLIST_KEY_UISupportedInterfaceOrientations_iPhone = "UIInterfaceOrientationPortrait UIInterfaceOrientationLandscapeLeft UIInterfaceOrientationLandscapeRight";
				LD_RUNPATH_SEARCH_PATHS = (
					"$(inherited)",
					"@executable_path/Frameworks",
				);
				MARKETING_VERSION = 1.0;
				PRODUCT_BUNDLE_IDENTIFIER = com.gmail.gromovitaly.MobileUpVK;
				PRODUCT_NAME = "$(TARGET_NAME)";
				SWIFT_EMIT_LOC_STRINGS = YES;
				SWIFT_VERSION = 5.0;
				TARGETED_DEVICE_FAMILY = "1,2";
			};
			name = Release;
		};
		D0F1F6ED2C6E84FA00FA9495 /* Debug */ = {
			isa = XCBuildConfiguration;
			buildSettings = {
				ALWAYS_SEARCH_USER_PATHS = NO;
				ASSETCATALOG_COMPILER_GENERATE_SWIFT_ASSET_SYMBOL_EXTENSIONS = YES;
				CLANG_ANALYZER_NONNULL = YES;
				CLANG_ANALYZER_NUMBER_OBJECT_CONVERSION = YES_AGGRESSIVE;
				CLANG_CXX_LANGUAGE_STANDARD = "gnu++20";
				CLANG_ENABLE_MODULES = YES;
				CLANG_ENABLE_OBJC_ARC = YES;
				CLANG_ENABLE_OBJC_WEAK = YES;
				CLANG_WARN_BLOCK_CAPTURE_AUTORELEASING = YES;
				CLANG_WARN_BOOL_CONVERSION = YES;
				CLANG_WARN_COMMA = YES;
				CLANG_WARN_CONSTANT_CONVERSION = YES;
				CLANG_WARN_DEPRECATED_OBJC_IMPLEMENTATIONS = YES;
				CLANG_WARN_DIRECT_OBJC_ISA_USAGE = YES_ERROR;
				CLANG_WARN_DOCUMENTATION_COMMENTS = YES;
				CLANG_WARN_EMPTY_BODY = YES;
				CLANG_WARN_ENUM_CONVERSION = YES;
				CLANG_WARN_INFINITE_RECURSION = YES;
				CLANG_WARN_INT_CONVERSION = YES;
				CLANG_WARN_NON_LITERAL_NULL_CONVERSION = YES;
				CLANG_WARN_OBJC_IMPLICIT_RETAIN_SELF = YES;
				CLANG_WARN_OBJC_LITERAL_CONVERSION = YES;
				CLANG_WARN_OBJC_ROOT_CLASS = YES_ERROR;
				CLANG_WARN_QUOTED_INCLUDE_IN_FRAMEWORK_HEADER = YES;
				CLANG_WARN_RANGE_LOOP_ANALYSIS = YES;
				CLANG_WARN_STRICT_PROTOTYPES = YES;
				CLANG_WARN_SUSPICIOUS_MOVE = YES;
				CLANG_WARN_UNGUARDED_AVAILABILITY = YES_AGGRESSIVE;
				CLANG_WARN_UNREACHABLE_CODE = YES;
				CLANG_WARN__DUPLICATE_METHOD_MATCH = YES;
				COPY_PHASE_STRIP = NO;
				DEBUG_INFORMATION_FORMAT = dwarf;
				ENABLE_STRICT_OBJC_MSGSEND = YES;
				ENABLE_TESTABILITY = YES;
				ENABLE_USER_SCRIPT_SANDBOXING = YES;
				GCC_C_LANGUAGE_STANDARD = gnu17;
				GCC_DYNAMIC_NO_PIC = NO;
				GCC_NO_COMMON_BLOCKS = YES;
				GCC_OPTIMIZATION_LEVEL = 0;
				GCC_PREPROCESSOR_DEFINITIONS = (
					"DEBUG=1",
					"$(inherited)",
				);
				GCC_WARN_64_TO_32_BIT_CONVERSION = YES;
				GCC_WARN_ABOUT_RETURN_TYPE = YES_ERROR;
				GCC_WARN_UNDECLARED_SELECTOR = YES;
				GCC_WARN_UNINITIALIZED_AUTOS = YES_AGGRESSIVE;
				GCC_WARN_UNUSED_FUNCTION = YES;
				GCC_WARN_UNUSED_VARIABLE = YES;
				IPHONEOS_DEPLOYMENT_TARGET = 18.0;
				LOCALIZATION_PREFERS_STRING_CATALOGS = YES;
				MTL_ENABLE_DEBUG_INFO = INCLUDE_SOURCE;
				MTL_FAST_MATH = YES;
				ONLY_ACTIVE_ARCH = YES;
				SDKROOT = iphoneos;
				SWIFT_ACTIVE_COMPILATION_CONDITIONS = "DEBUG $(inherited)";
				SWIFT_OPTIMIZATION_LEVEL = "-Onone";
			};
			name = Debug;
		};
		D0F1F6EE2C6E84FA00FA9495 /* Release */ = {
			isa = XCBuildConfiguration;
			buildSettings = {
				ALWAYS_SEARCH_USER_PATHS = NO;
				ASSETCATALOG_COMPILER_GENERATE_SWIFT_ASSET_SYMBOL_EXTENSIONS = YES;
				CLANG_ANALYZER_NONNULL = YES;
				CLANG_ANALYZER_NUMBER_OBJECT_CONVERSION = YES_AGGRESSIVE;
				CLANG_CXX_LANGUAGE_STANDARD = "gnu++20";
				CLANG_ENABLE_MODULES = YES;
				CLANG_ENABLE_OBJC_ARC = YES;
				CLANG_ENABLE_OBJC_WEAK = YES;
				CLANG_WARN_BLOCK_CAPTURE_AUTORELEASING = YES;
				CLANG_WARN_BOOL_CONVERSION = YES;
				CLANG_WARN_COMMA = YES;
				CLANG_WARN_CONSTANT_CONVERSION = YES;
				CLANG_WARN_DEPRECATED_OBJC_IMPLEMENTATIONS = YES;
				CLANG_WARN_DIRECT_OBJC_ISA_USAGE = YES_ERROR;
				CLANG_WARN_DOCUMENTATION_COMMENTS = YES;
				CLANG_WARN_EMPTY_BODY = YES;
				CLANG_WARN_ENUM_CONVERSION = YES;
				CLANG_WARN_INFINITE_RECURSION = YES;
				CLANG_WARN_INT_CONVERSION = YES;
				CLANG_WARN_NON_LITERAL_NULL_CONVERSION = YES;
				CLANG_WARN_OBJC_IMPLICIT_RETAIN_SELF = YES;
				CLANG_WARN_OBJC_LITERAL_CONVERSION = YES;
				CLANG_WARN_OBJC_ROOT_CLASS = YES_ERROR;
				CLANG_WARN_QUOTED_INCLUDE_IN_FRAMEWORK_HEADER = YES;
				CLANG_WARN_RANGE_LOOP_ANALYSIS = YES;
				CLANG_WARN_STRICT_PROTOTYPES = YES;
				CLANG_WARN_SUSPICIOUS_MOVE = YES;
				CLANG_WARN_UNGUARDED_AVAILABILITY = YES_AGGRESSIVE;
				CLANG_WARN_UNREACHABLE_CODE = YES;
				CLANG_WARN__DUPLICATE_METHOD_MATCH = YES;
				COPY_PHASE_STRIP = NO;
				DEBUG_INFORMATION_FORMAT = "dwarf-with-dsym";
				ENABLE_NS_ASSERTIONS = NO;
				ENABLE_STRICT_OBJC_MSGSEND = YES;
				ENABLE_USER_SCRIPT_SANDBOXING = YES;
				GCC_C_LANGUAGE_STANDARD = gnu17;
				GCC_NO_COMMON_BLOCKS = YES;
				GCC_WARN_64_TO_32_BIT_CONVERSION = YES;
				GCC_WARN_ABOUT_RETURN_TYPE = YES_ERROR;
				GCC_WARN_UNDECLARED_SELECTOR = YES;
				GCC_WARN_UNINITIALIZED_AUTOS = YES_AGGRESSIVE;
				GCC_WARN_UNUSED_FUNCTION = YES;
				GCC_WARN_UNUSED_VARIABLE = YES;
				IPHONEOS_DEPLOYMENT_TARGET = 18.0;
				LOCALIZATION_PREFERS_STRING_CATALOGS = YES;
				MTL_ENABLE_DEBUG_INFO = NO;
				MTL_FAST_MATH = YES;
				SDKROOT = iphoneos;
				SWIFT_COMPILATION_MODE = wholemodule;
				VALIDATE_PRODUCT = YES;
			};
			name = Release;
		};
		D0F1F6F02C6E84FA00FA9495 /* Debug */ = {
			isa = XCBuildConfiguration;
			buildSettings = {
				BUNDLE_LOADER = "$(TEST_HOST)";
				CODE_SIGN_STYLE = Automatic;
				CURRENT_PROJECT_VERSION = 1;
				DEVELOPMENT_TEAM = ZT525LAF69;
				GENERATE_INFOPLIST_FILE = YES;
				IPHONEOS_DEPLOYMENT_TARGET = 18.0;
				MARKETING_VERSION = 1.0;
				PRODUCT_BUNDLE_IDENTIFIER = com.gmail.gromovitaly.MobileUpVKTests;
				PRODUCT_NAME = "$(TARGET_NAME)";
				SWIFT_EMIT_LOC_STRINGS = NO;
				SWIFT_VERSION = 5.0;
				TARGETED_DEVICE_FAMILY = "1,2";
				TEST_HOST = "$(BUILT_PRODUCTS_DIR)/MobileUpVK.app/$(BUNDLE_EXECUTABLE_FOLDER_PATH)/MobileUpVK";
			};
			name = Debug;
		};
		D0F1F6F12C6E84FA00FA9495 /* Release */ = {
			isa = XCBuildConfiguration;
			buildSettings = {
				BUNDLE_LOADER = "$(TEST_HOST)";
				CODE_SIGN_STYLE = Automatic;
				CURRENT_PROJECT_VERSION = 1;
				DEVELOPMENT_TEAM = ZT525LAF69;
				GENERATE_INFOPLIST_FILE = YES;
				IPHONEOS_DEPLOYMENT_TARGET = 18.0;
				MARKETING_VERSION = 1.0;
				PRODUCT_BUNDLE_IDENTIFIER = com.gmail.gromovitaly.MobileUpVKTests;
				PRODUCT_NAME = "$(TARGET_NAME)";
				SWIFT_EMIT_LOC_STRINGS = NO;
				SWIFT_VERSION = 5.0;
				TARGETED_DEVICE_FAMILY = "1,2";
				TEST_HOST = "$(BUILT_PRODUCTS_DIR)/MobileUpVK.app/$(BUNDLE_EXECUTABLE_FOLDER_PATH)/MobileUpVK";
			};
			name = Release;
		};
		D0F1F6F32C6E84FA00FA9495 /* Debug */ = {
			isa = XCBuildConfiguration;
			buildSettings = {
				CODE_SIGN_STYLE = Automatic;
				CURRENT_PROJECT_VERSION = 1;
				DEVELOPMENT_TEAM = ZT525LAF69;
				GENERATE_INFOPLIST_FILE = YES;
				MARKETING_VERSION = 1.0;
				PRODUCT_BUNDLE_IDENTIFIER = com.gmail.gromovitaly.MobileUpVKUITests;
				PRODUCT_NAME = "$(TARGET_NAME)";
				SWIFT_EMIT_LOC_STRINGS = NO;
				SWIFT_VERSION = 5.0;
				TARGETED_DEVICE_FAMILY = "1,2";
				TEST_TARGET_NAME = MobileUpVK;
			};
			name = Debug;
		};
		D0F1F6F42C6E84FA00FA9495 /* Release */ = {
			isa = XCBuildConfiguration;
			buildSettings = {
				CODE_SIGN_STYLE = Automatic;
				CURRENT_PROJECT_VERSION = 1;
				DEVELOPMENT_TEAM = ZT525LAF69;
				GENERATE_INFOPLIST_FILE = YES;
				MARKETING_VERSION = 1.0;
				PRODUCT_BUNDLE_IDENTIFIER = com.gmail.gromovitaly.MobileUpVKUITests;
				PRODUCT_NAME = "$(TARGET_NAME)";
				SWIFT_EMIT_LOC_STRINGS = NO;
				SWIFT_VERSION = 5.0;
				TARGETED_DEVICE_FAMILY = "1,2";
				TEST_TARGET_NAME = MobileUpVK;
			};
			name = Release;
		};
/* End XCBuildConfiguration section */

/* Begin XCConfigurationList section */
		D0F1F6BB2C6E84F800FA9495 /* Build configuration list for PBXProject "MobileUpVK" */ = {
			isa = XCConfigurationList;
			buildConfigurations = (
				D0F1F6ED2C6E84FA00FA9495 /* Debug */,
				D0F1F6EE2C6E84FA00FA9495 /* Release */,
			);
			defaultConfigurationIsVisible = 0;
			defaultConfigurationName = Release;
		};
		D0F1F6E92C6E84FA00FA9495 /* Build configuration list for PBXNativeTarget "MobileUpVK" */ = {
			isa = XCConfigurationList;
			buildConfigurations = (
				D0F1F6EA2C6E84FA00FA9495 /* Debug */,
				D0F1F6EB2C6E84FA00FA9495 /* Release */,
			);
			defaultConfigurationIsVisible = 0;
			defaultConfigurationName = Release;
		};
		D0F1F6EF2C6E84FA00FA9495 /* Build configuration list for PBXNativeTarget "MobileUpVKTests" */ = {
			isa = XCConfigurationList;
			buildConfigurations = (
				D0F1F6F02C6E84FA00FA9495 /* Debug */,
				D0F1F6F12C6E84FA00FA9495 /* Release */,
			);
			defaultConfigurationIsVisible = 0;
			defaultConfigurationName = Release;
		};
		D0F1F6F22C6E84FA00FA9495 /* Build configuration list for PBXNativeTarget "MobileUpVKUITests" */ = {
			isa = XCConfigurationList;
			buildConfigurations = (
				D0F1F6F32C6E84FA00FA9495 /* Debug */,
				D0F1F6F42C6E84FA00FA9495 /* Release */,
			);
			defaultConfigurationIsVisible = 0;
			defaultConfigurationName = Release;
		};
/* End XCConfigurationList section */
	};
	rootObject = D0F1F6B82C6E84F800FA9495 /* Project object */;
}
